{
  "version": 4,
  "terraform_version": "1.0.8",
  "serial": 12,
  "lineage": "08f2cc37-9d04-b348-fc52-ffe1edaac910",
  "outputs": {},
  "resources": [
    {
      "mode": "managed",
      "type": "yandex_iam_service_account",
      "name": "docker-registry",
      "provider": "provider[\"registry.terraform.io/yandex-cloud/yandex\"]",
      "instances": [
        {
          "schema_version": 0,
          "attributes": {
            "created_at": "2021-10-06T19:27:09Z",
            "description": "service account to use container registry",
            "folder_id": "b1goe5g9c4hmo8r5t5vv",
            "id": "ajedo1ivb1bnacpk91d4",
            "name": "docker",
            "timeouts": null
          },
          "sensitive_attributes": [],
          "private": "eyJlMmJmYjczMC1lY2FhLTExZTYtOGY4OC0zNDM2M2JjN2M0YzAiOnsiY3JlYXRlIjo2MDAwMDAwMDAwMCwiZGVsZXRlIjo2MDAwMDAwMDAwMCwidXBkYXRlIjo2MDAwMDAwMDAwMH19"
        }
      ]
    },
    {
      "mode": "managed",
      "type": "yandex_iam_service_account",
      "name": "instances-editor",
      "provider": "provider[\"registry.terraform.io/yandex-cloud/yandex\"]",
      "instances": [
        {
          "schema_version": 0,
          "attributes": {
            "created_at": "2021-10-06T19:27:09Z",
            "description": "service account to manage VMs",
            "folder_id": "b1goe5g9c4hmo8r5t5vv",
            "id": "ajecafroqppuumhcetao",
            "name": "instances",
            "timeouts": null
          },
          "sensitive_attributes": [],
          "private": "eyJlMmJmYjczMC1lY2FhLTExZTYtOGY4OC0zNDM2M2JjN2M0YzAiOnsiY3JlYXRlIjo2MDAwMDAwMDAwMCwiZGVsZXRlIjo2MDAwMDAwMDAwMCwidXBkYXRlIjo2MDAwMDAwMDAwMH19"
        }
      ]
    },
    {
      "mode": "managed",
      "type": "yandex_kubernetes_node_group",
      "name": "node-group-0",
      "provider": "provider[\"registry.terraform.io/yandex-cloud/yandex\"]",
      "instances": []
    },
    {
      "mode": "managed",
      "type": "yandex_resourcemanager_folder_iam_binding",
      "name": "editor",
      "provider": "provider[\"registry.terraform.io/yandex-cloud/yandex\"]",
      "instances": [
        {
          "schema_version": 0,
          "attributes": {
            "folder_id": "b1goe5g9c4hmo8r5t5vv",
            "id": "b1goe5g9c4hmo8r5t5vv/editor",
            "members": [
              "serviceAccount:ajecafroqppuumhcetao"
            ],
            "role": "editor",
            "sleep_after": null
          },
          "sensitive_attributes": [],
          "private": "bnVsbA==",
          "dependencies": [
            "yandex_iam_service_account.instances-editor"
          ]
        }
      ]
    },
    {
      "mode": "managed",
      "type": "yandex_resourcemanager_folder_iam_binding",
      "name": "pusher",
      "provider": "provider[\"registry.terraform.io/yandex-cloud/yandex\"]",
      "instances": [
        {
          "schema_version": 0,
          "attributes": {
            "folder_id": "b1goe5g9c4hmo8r5t5vv",
            "id": "b1goe5g9c4hmo8r5t5vv/container-registry.images.pusher",
            "members": [
              "serviceAccount:ajedo1ivb1bnacpk91d4"
            ],
            "role": "container-registry.images.pusher",
            "sleep_after": null
          },
          "sensitive_attributes": [],
          "private": "bnVsbA==",
          "dependencies": [
            "yandex_iam_service_account.docker-registry"
          ]
        }
      ]
    },
    {
      "mode": "managed",
      "type": "yandex_vpc_network",
      "name": "internal",
      "provider": "provider[\"registry.terraform.io/yandex-cloud/yandex\"]",
      "instances": [
        {
          "schema_version": 0,
          "attributes": {
            "created_at": "2021-10-06T19:27:08Z",
            "default_security_group_id": "",
            "description": "",
            "folder_id": "b1goe5g9c4hmo8r5t5vv",
            "id": "enpbpcl281l1a2ksm0ml",
            "labels": {},
            "name": "internal",
            "subnet_ids": [
              "b0c3in3bpa2lfrvl6ole",
              "e2lhuq26ijvu7baklrpp",
              "e9bji3obqonro37qpk17"
            ],
            "timeouts": null
          },
          "sensitive_attributes": [],
          "private": "eyJlMmJmYjczMC1lY2FhLTExZTYtOGY4OC0zNDM2M2JjN2M0YzAiOnsiY3JlYXRlIjo2MDAwMDAwMDAwMCwiZGVsZXRlIjo2MDAwMDAwMDAwMCwidXBkYXRlIjo2MDAwMDAwMDAwMH19"
        }
      ]
    },
    {
      "mode": "managed",
      "type": "yandex_vpc_subnet",
      "name": "internal-a",
      "provider": "provider[\"registry.terraform.io/yandex-cloud/yandex\"]",
      "instances": [
        {
          "schema_version": 0,
          "attributes": {
            "created_at": "2021-10-06T19:27:09Z",
            "description": "",
            "dhcp_options": [],
            "folder_id": "b1goe5g9c4hmo8r5t5vv",
            "id": "e9bji3obqonro37qpk17",
            "labels": {},
            "name": "internal-a",
            "network_id": "enpbpcl281l1a2ksm0ml",
            "route_table_id": "",
            "timeouts": null,
            "v4_cidr_blocks": [
              "10.200.0.0/16"
            ],
            "v6_cidr_blocks": [],
            "zone": "ru-central1-a"
          },
          "sensitive_attributes": [],
          "private": "eyJlMmJmYjczMC1lY2FhLTExZTYtOGY4OC0zNDM2M2JjN2M0YzAiOnsiY3JlYXRlIjoxODAwMDAwMDAwMDAsImRlbGV0ZSI6MTgwMDAwMDAwMDAwLCJ1cGRhdGUiOjE4MDAwMDAwMDAwMH19",
          "dependencies": [
            "yandex_vpc_network.internal"
          ]
        }
      ]
    },
    {
      "mode": "managed",
      "type": "yandex_vpc_subnet",
      "name": "internal-b",
      "provider": "provider[\"registry.terraform.io/yandex-cloud/yandex\"]",
      "instances": [
        {
          "schema_version": 0,
          "attributes": {
            "created_at": "2021-10-06T19:27:10Z",
            "description": "",
            "dhcp_options": [],
            "folder_id": "b1goe5g9c4hmo8r5t5vv",
            "id": "e2lhuq26ijvu7baklrpp",
            "labels": {},
            "name": "internal-b",
            "network_id": "enpbpcl281l1a2ksm0ml",
            "route_table_id": "",
            "timeouts": null,
            "v4_cidr_blocks": [
              "10.201.0.0/16"
            ],
            "v6_cidr_blocks": [],
            "zone": "ru-central1-b"
          },
          "sensitive_attributes": [],
          "private": "eyJlMmJmYjczMC1lY2FhLTExZTYtOGY4OC0zNDM2M2JjN2M0YzAiOnsiY3JlYXRlIjoxODAwMDAwMDAwMDAsImRlbGV0ZSI6MTgwMDAwMDAwMDAwLCJ1cGRhdGUiOjE4MDAwMDAwMDAwMH19",
          "dependencies": [
            "yandex_vpc_network.internal"
          ]
        }
      ]
    },
    {
      "mode": "managed",
      "type": "yandex_vpc_subnet",
      "name": "internal-c",
      "provider": "provider[\"registry.terraform.io/yandex-cloud/yandex\"]",
      "instances": [
        {
          "schema_version": 0,
          "attributes": {
            "created_at": "2021-10-06T19:27:11Z",
            "description": "",
            "dhcp_options": [],
            "folder_id": "b1goe5g9c4hmo8r5t5vv",
            "id": "b0c3in3bpa2lfrvl6ole",
            "labels": {},
            "name": "internal-c",
            "network_id": "enpbpcl281l1a2ksm0ml",
            "route_table_id": "",
            "timeouts": null,
            "v4_cidr_blocks": [
              "10.202.0.0/16"
            ],
            "v6_cidr_blocks": [],
            "zone": "ru-central1-c"
          },
          "sensitive_attributes": [],
          "private": "eyJlMmJmYjczMC1lY2FhLTExZTYtOGY4OC0zNDM2M2JjN2M0YzAiOnsiY3JlYXRlIjoxODAwMDAwMDAwMDAsImRlbGV0ZSI6MTgwMDAwMDAwMDAwLCJ1cGRhdGUiOjE4MDAwMDAwMDAwMH19",
          "dependencies": [
            "yandex_vpc_network.internal"
          ]
        }
      ]
    }
  ]
}
